# THIS IS AN AUTOGENERATED FILE. DO NOT EDIT THIS FILE DIRECTLY.
# yarn lockfile v1


"@types/prop-types@*":
  version "15.7.8"
  resolved "https://registry.npmjs.org/@types/prop-types/-/prop-types-15.7.8.tgz"
  integrity sha512-kMpQpfZKSCBqltAJwskgePRaYRFukDkm1oItcAbC3gNELR20XIBcN9VRgg4+m8DKsTfkWeA4m4Imp4DDuWy7FQ==

"@types/react-dom@^17.0.0":
  version "17.0.21"
  resolved "https://registry.yarnpkg.com/@types/react-dom/-/react-dom-17.0.21.tgz#85d56965483ce4850f5f03f9234e54a1f47786e5"
  integrity sha512-3rQEFUNUUz2MYiRwJJj6UekcW7rFLOtmK7ajQP7qJpjNdggInl3I/xM4I3Hq1yYPdCGVMgax1gZsB7BBTtayXg==
  dependencies:
    "@types/react" "^17"

"@types/react@^17", "@types/react@^17.0.0":
  version "17.0.68"
  resolved "https://registry.yarnpkg.com/@types/react/-/react-17.0.68.tgz#99b17f567e258f5e7be855a281ac67b49a34f9f2"
  integrity sha512-y8heXejd/Gi43S28GOqIFmr6BzhLa3anMlPojRu4rHh3MtRrrpB+BtLEcqP3XPO1urXByzBdkOLU7sodYWnpkA==
  dependencies:
    "@types/prop-types" "*"
    "@types/scheduler" "*"
    csstype "^3.0.2"

"@types/scheduler@*":
  version "0.16.4"
  resolved "https://registry.npmjs.org/@types/scheduler/-/scheduler-0.16.4.tgz"
  integrity sha512-2L9ifAGl7wmXwP4v3pN4p2FLhD0O1qsJpvKmNin5VA8+UvNVb447UDaAEV6UdrkA+m/Xs58U1RFps44x6TFsVQ==

csstype@^3.0.2:
  version "3.1.2"
  resolved "https://registry.npmjs.org/csstype/-/csstype-3.1.2.tgz"
  integrity sha512-I7K1Uu0MBPzaFKg4nI5Q7Vs2t+3gWWW648spaF+Rg7pI9ds18Ugn+lvg4SHczUdKlHI5LWBXyqfS8+DufyBsgQ==

react-ga4@^2.1.0:
  version "2.1.0"
  resolved "https://registry.npmjs.org/react-ga4/-/react-ga4-2.1.0.tgz"
  integrity sha512-ZKS7PGNFqqMd3PJ6+C2Jtz/o1iU9ggiy8Y8nUeksgVuvNISbmrQtJiZNvC/TjDsqD0QlU5Wkgs7i+w9+OjHhhQ==

tsc@^2.0.4:
  version "2.0.4"
  resolved "https://registry.yarnpkg.com/tsc/-/tsc-2.0.4.tgz#5f6499146abea5dca4420b451fa4f2f9345238f5"
  integrity sha512-fzoSieZI5KKJVBYGvwbVZs/J5za84f2lSTLPYf6AGiIf43tZ3GNrI1QzTLcjtyDDP4aLxd46RTZq1nQxe7+k5Q==

typescript@^4.1.2:
  version "4.9.5"
  resolved "https://registry.yarnpkg.com/typescript/-/typescript-4.9.5.tgz#095979f9bcc0d09da324d58d03ce8f8374cbe65a"
  integrity sha512-1FXk9E2Hm+QzZQ7z+McJiHL4NW1F2EzMu9Nq9i3zAaGqibafqYwCVU6WyWAuyQRRzOlxou8xZSyXLEN8oKj24g==
